{
  "name": "libre_api",
  "lockfileVersion": 3,
  "requires": true,
  "packages": {
    "": {
      "dependencies": {
        "@fontsource/montserrat": "^5.1.1"
      }
    },
    "node_modules/@fontsource/montserrat": {
      "version": "5.1.1",
      "resolved": "https://registry.npmjs.org/@fontsource/montserrat/-/montserrat-5.1.1.tgz",
      "integrity": "sha512-myTQCo0XWf5AXc3Pm5GFFTstueYTacE+gpL3G8Vf5ELpr/rBfW+zr7dKLPYXlq2r21HHwfyw6yueKWccWUtKBA=="
    }
  }
}
